// !$*UTF8*$!
{
	archiveVersion = 1;
	classes = {
	};
	objectVersion = 56;
	objects = {

/* Begin PBXBuildFile section */
		E966C5442A0E69E100372971 /* SnapchatDetailsTransitionApp.swift in Sources */ = {isa = PBXBuildFile; fileRef = E966C5432A0E69E100372971 /* SnapchatDetailsTransitionApp.swift */; };
		E966C5462A0E69E100372971 /* ContentView.swift in Sources */ = {isa = PBXBuildFile; fileRef = E966C5452A0E69E100372971 /* ContentView.swift */; };
		E966C5482A0E69E300372971 /* Assets.xcassets in Resources */ = {isa = PBXBuildFile; fileRef = E966C5472A0E69E300372971 /* Assets.xcassets */; };
		E966C54B2A0E69E300372971 /* Preview Assets.xcassets in Resources */ = {isa = PBXBuildFile; fileRef = E966C54A2A0E69E300372971 /* Preview Assets.xcassets */; };
		E966C5552A0E69E300372971 /* SnapchatDetailsTransitionTests.swift in Sources */ = {isa = PBXBuildFile; fileRef = E966C5542A0E69E300372971 /* SnapchatDetailsTransitionTests.swift */; };
		E966C55F2A0E69E300372971 /* SnapchatDetailsTransitionUITests.swift in Sources */ = {isa = PBXBuildFile; fileRef = E966C55E2A0E69E300372971 /* SnapchatDetailsTransitionUITests.swift */; };
		E966C5612A0E69E400372971 /* SnapchatDetailsTransitionUITestsLaunchTests.swift in Sources */ = {isa = PBXBuildFile; fileRef = E966C5602A0E69E400372971 /* SnapchatDetailsTransitionUITestsLaunchTests.swift */; };
		E966C5732A0E6B3C00372971 /* Reel3.mp4 in Resources */ = {isa = PBXBuildFile; fileRef = E966C56E2A0E6B3C00372971 /* Reel3.mp4 */; };
		E966C5742A0E6B3C00372971 /* Reel2.mp4 in Resources */ = {isa = PBXBuildFile; fileRef = E966C56F2A0E6B3C00372971 /* Reel2.mp4 */; };
		E966C5752A0E6B3C00372971 /* Reel1.mp4 in Resources */ = {isa = PBXBuildFile; fileRef = E966C5702A0E6B3C00372971 /* Reel1.mp4 */; };
		E966C5762A0E6B3C00372971 /* Reel5.mp4 in Resources */ = {isa = PBXBuildFile; fileRef = E966C5712A0E6B3C00372971 /* Reel5.mp4 */; };
		E966C5772A0E6B3C00372971 /* Reel4.mp4 in Resources */ = {isa = PBXBuildFile; fileRef = E966C5722A0E6B3C00372971 /* Reel4.mp4 */; };
		E966C57C2A0E6C6D00372971 /* VideoFile.swift in Sources */ = {isa = PBXBuildFile; fileRef = E966C57B2A0E6C6D00372971 /* VideoFile.swift */; };
		E966C57E2A0E6D2A00372971 /* HomeView.swift in Sources */ = {isa = PBXBuildFile; fileRef = E966C57D2A0E6D2A00372971 /* HomeView.swift */; };
		E966C5812A0E730100372971 /* CardView.swift in Sources */ = {isa = PBXBuildFile; fileRef = E966C5802A0E730100372971 /* CardView.swift */; };
/* End PBXBuildFile section */

/* Begin PBXContainerItemProxy section */
		E966C5512A0E69E300372971 /* PBXContainerItemProxy */ = {
			isa = PBXContainerItemProxy;
			containerPortal = E966C5382A0E69E100372971 /* Project object */;
			proxyType = 1;
			remoteGlobalIDString = E966C53F2A0E69E100372971;
			remoteInfo = SnapchatDetailsTransition;
		};
		E966C55B2A0E69E300372971 /* PBXContainerItemProxy */ = {
			isa = PBXContainerItemProxy;
			containerPortal = E966C5382A0E69E100372971 /* Project object */;
			proxyType = 1;
			remoteGlobalIDString = E966C53F2A0E69E100372971;
			remoteInfo = SnapchatDetailsTransition;
		};
/* End PBXContainerItemProxy section */

/* Begin PBXFileReference section */
		E966C5402A0E69E100372971 /* SnapchatDetailsTransition.app */ = {isa = PBXFileReference; explicitFileType = wrapper.application; includeInIndex = 0; path = SnapchatDetailsTransition.app; sourceTree = BUILT_PRODUCTS_DIR; };
		E966C5432A0E69E100372971 /* SnapchatDetailsTransitionApp.swift */ = {isa = PBXFileReference; lastKnownFileType = sourcecode.swift; path = SnapchatDetailsTransitionApp.swift; sourceTree = "<group>"; };
		E966C5452A0E69E100372971 /* ContentView.swift */ = {isa = PBXFileReference; lastKnownFileType = sourcecode.swift; path = ContentView.swift; sourceTree = "<group>"; };
		E966C5472A0E69E300372971 /* Assets.xcassets */ = {isa = PBXFileReference; lastKnownFileType = folder.assetcatalog; path = Assets.xcassets; sourceTree = "<group>"; };
		E966C54A2A0E69E300372971 /* Preview Assets.xcassets */ = {isa = PBXFileReference; lastKnownFileType = folder.assetcatalog; path = "Preview Assets.xcassets"; sourceTree = "<group>"; };
		E966C5502A0E69E300372971 /* SnapchatDetailsTransitionTests.xctest */ = {isa = PBXFileReference; explicitFileType = wrapper.cfbundle; includeInIndex = 0; path = SnapchatDetailsTransitionTests.xctest; sourceTree = BUILT_PRODUCTS_DIR; };
		E966C5542A0E69E300372971 /* SnapchatDetailsTransitionTests.swift */ = {isa = PBXFileReference; lastKnownFileType = sourcecode.swift; path = SnapchatDetailsTransitionTests.swift; sourceTree = "<group>"; };
		E966C55A2A0E69E300372971 /* SnapchatDetailsTransitionUITests.xctest */ = {isa = PBXFileReference; explicitFileType = wrapper.cfbundle; includeInIndex = 0; path = SnapchatDetailsTransitionUITests.xctest; sourceTree = BUILT_PRODUCTS_DIR; };
		E966C55E2A0E69E300372971 /* SnapchatDetailsTransitionUITests.swift */ = {isa = PBXFileReference; lastKnownFileType = sourcecode.swift; path = SnapchatDetailsTransitionUITests.swift; sourceTree = "<group>"; };
		E966C5602A0E69E400372971 /* SnapchatDetailsTransitionUITestsLaunchTests.swift */ = {isa = PBXFileReference; lastKnownFileType = sourcecode.swift; path = SnapchatDetailsTransitionUITestsLaunchTests.swift; sourceTree = "<group>"; };
		E966C56E2A0E6B3C00372971 /* Reel3.mp4 */ = {isa = PBXFileReference; lastKnownFileType = file; path = Reel3.mp4; sourceTree = "<group>"; };
		E966C56F2A0E6B3C00372971 /* Reel2.mp4 */ = {isa = PBXFileReference; lastKnownFileType = file; path = Reel2.mp4; sourceTree = "<group>"; };
		E966C5702A0E6B3C00372971 /* Reel1.mp4 */ = {isa = PBXFileReference; lastKnownFileType = file; path = Reel1.mp4; sourceTree = "<group>"; };
		E966C5712A0E6B3C00372971 /* Reel5.mp4 */ = {isa = PBXFileReference; lastKnownFileType = file; path = Reel5.mp4; sourceTree = "<group>"; };
		E966C5722A0E6B3C00372971 /* Reel4.mp4 */ = {isa = PBXFileReference; lastKnownFileType = file; path = Reel4.mp4; sourceTree = "<group>"; };
		E966C57B2A0E6C6D00372971 /* VideoFile.swift */ = {isa = PBXFileReference; lastKnownFileType = sourcecode.swift; path = VideoFile.swift; sourceTree = "<group>"; };
		E966C57D2A0E6D2A00372971 /* HomeView.swift */ = {isa = PBXFileReference; lastKnownFileType = sourcecode.swift; path = HomeView.swift; sourceTree = "<group>"; };
		E966C5802A0E730100372971 /* CardView.swift */ = {isa = PBXFileReference; lastKnownFileType = sourcecode.swift; path = CardView.swift; sourceTree = "<group>"; };
/* End PBXFileReference section */

/* Begin PBXFrameworksBuildPhase section */
		E966C53D2A0E69E100372971 /* Frameworks */ = {
			isa = PBXFrameworksBuildPhase;
			buildActionMask = 2147483647;
			files = (
			);
			runOnlyForDeploymentPostprocessing = 0;
		};
		E966C54D2A0E69E300372971 /* Frameworks */ = {
			isa = PBXFrameworksBuildPhase;
			buildActionMask = 2147483647;
			files = (
			);
			runOnlyForDeploymentPostprocessing = 0;
		};
		E966C5572A0E69E300372971 /* Frameworks */ = {
			isa = PBXFrameworksBuildPhase;
			buildActionMask = 2147483647;
			files = (
			);
			runOnlyForDeploymentPostprocessing = 0;
		};
/* End PBXFrameworksBuildPhase section */

/* Begin PBXGroup section */
		E966C5372A0E69E100372971 = {
			isa = PBXGroup;
			children = (
				E966C5422A0E69E100372971 /* SnapchatDetailsTransition */,
				E966C5532A0E69E300372971 /* SnapchatDetailsTransitionTests */,
				E966C55D2A0E69E300372971 /* SnapchatDetailsTransitionUITests */,
				E966C5412A0E69E100372971 /* Products */,
			);
			sourceTree = "<group>";
		};
		E966C5412A0E69E100372971 /* Products */ = {
			isa = PBXGroup;
			children = (
				E966C5402A0E69E100372971 /* SnapchatDetailsTransition.app */,
				E966C5502A0E69E300372971 /* SnapchatDetailsTransitionTests.xctest */,
				E966C55A2A0E69E300372971 /* SnapchatDetailsTransitionUITests.xctest */,
			);
			name = Products;
			sourceTree = "<group>";
		};
		E966C5422A0E69E100372971 /* SnapchatDetailsTransition */ = {
			isa = PBXGroup;
			children = (
				E966C57A2A0E6C2500372971 /* Model */,
				E966C5792A0E6C2100372971 /* View */,
				E966C5782A0E6C1C00372971 /* ViewModels */,
				E966C5432A0E69E100372971 /* SnapchatDetailsTransitionApp.swift */,
				E966C5472A0E69E300372971 /* Assets.xcassets */,
				E966C56D2A0E6B3C00372971 /* Sample Videos */,
				E966C5492A0E69E300372971 /* Preview Content */,
			);
			path = SnapchatDetailsTransition;
			sourceTree = "<group>";
		};
		E966C5492A0E69E300372971 /* Preview Content */ = {
			isa = PBXGroup;
			children = (
				E966C54A2A0E69E300372971 /* Preview Assets.xcassets */,
			);
			path = "Preview Content";
			sourceTree = "<group>";
		};
		E966C5532A0E69E300372971 /* SnapchatDetailsTransitionTests */ = {
			isa = PBXGroup;
			children = (
				E966C5542A0E69E300372971 /* SnapchatDetailsTransitionTests.swift */,
			);
			path = SnapchatDetailsTransitionTests;
			sourceTree = "<group>";
		};
		E966C55D2A0E69E300372971 /* SnapchatDetailsTransitionUITests */ = {
			isa = PBXGroup;
			children = (
				E966C55E2A0E69E300372971 /* SnapchatDetailsTransitionUITests.swift */,
				E966C5602A0E69E400372971 /* SnapchatDetailsTransitionUITestsLaunchTests.swift */,
			);
			path = SnapchatDetailsTransitionUITests;
			sourceTree = "<group>";
		};
		E966C56D2A0E6B3C00372971 /* Sample Videos */ = {
			isa = PBXGroup;
			children = (
				E966C56E2A0E6B3C00372971 /* Reel3.mp4 */,
				E966C56F2A0E6B3C00372971 /* Reel2.mp4 */,
				E966C5702A0E6B3C00372971 /* Reel1.mp4 */,
				E966C5712A0E6B3C00372971 /* Reel5.mp4 */,
				E966C5722A0E6B3C00372971 /* Reel4.mp4 */,
			);
			path = "Sample Videos";
			sourceTree = "<group>";
		};
		E966C5782A0E6C1C00372971 /* ViewModels */ = {
			isa = PBXGroup;
			children = (
			);
			path = ViewModels;
			sourceTree = "<group>";
		};
		E966C5792A0E6C2100372971 /* View */ = {
			isa = PBXGroup;
			children = (
				E966C5452A0E69E100372971 /* ContentView.swift */,
				E966C57D2A0E6D2A00372971 /* HomeView.swift */,
				E966C5802A0E730100372971 /* CardView.swift */,
			);
			path = View;
			sourceTree = "<group>";
		};
		E966C57A2A0E6C2500372971 /* Model */ = {
			isa = PBXGroup;
			children = (
				E966C57B2A0E6C6D00372971 /* VideoFile.swift */,
			);
			path = Model;
			sourceTree = "<group>";
		};
/* End PBXGroup section */

/* Begin PBXNativeTarget section */
		E966C53F2A0E69E100372971 /* SnapchatDetailsTransition */ = {
			isa = PBXNativeTarget;
			buildConfigurationList = E966C5642A0E69E400372971 /* Build configuration list for PBXNativeTarget "SnapchatDetailsTransition" */;
			buildPhases = (
				E966C53C2A0E69E100372971 /* Sources */,
				E966C53D2A0E69E100372971 /* Frameworks */,
				E966C53E2A0E69E100372971 /* Resources */,
			);
			buildRules = (
			);
			dependencies = (
			);
			name = SnapchatDetailsTransition;
			productName = SnapchatDetailsTransition;
			productReference = E966C5402A0E69E100372971 /* SnapchatDetailsTransition.app */;
			productType = "com.apple.product-type.application";
		};
		E966C54F2A0E69E300372971 /* SnapchatDetailsTransitionTests */ = {
			isa = PBXNativeTarget;
			buildConfigurationList = E966C5672A0E69E400372971 /* Build configuration list for PBXNativeTarget "SnapchatDetailsTransitionTests" */;
			buildPhases = (
				E966C54C2A0E69E300372971 /* Sources */,
				E966C54D2A0E69E300372971 /* Frameworks */,
				E966C54E2A0E69E300372971 /* Resources */,
			);
			buildRules = (
			);
			dependencies = (
				E966C5522A0E69E300372971 /* PBXTargetDependency */,
			);
			name = SnapchatDetailsTransitionTests;
			productName = SnapchatDetailsTransitionTests;
			productReference = E966C5502A0E69E300372971 /* SnapchatDetailsTransitionTests.xctest */;
			productType = "com.apple.product-type.bundle.unit-test";
		};
		E966C5592A0E69E300372971 /* SnapchatDetailsTransitionUITests */ = {
			isa = PBXNativeTarget;
			buildConfigurationList = E966C56A2A0E69E400372971 /* Build configuration list for PBXNativeTarget "SnapchatDetailsTransitionUITests" */;
			buildPhases = (
				E966C5562A0E69E300372971 /* Sources */,
				E966C5572A0E69E300372971 /* Frameworks */,
				E966C5582A0E69E300372971 /* Resources */,
			);
			buildRules = (
			);
			dependencies = (
				E966C55C2A0E69E300372971 /* PBXTargetDependency */,
			);
			name = SnapchatDetailsTransitionUITests;
			productName = SnapchatDetailsTransitionUITests;
			productReference = E966C55A2A0E69E300372971 /* SnapchatDetailsTransitionUITests.xctest */;
			productType = "com.apple.product-type.bundle.ui-testing";
		};
/* End PBXNativeTarget section */

/* Begin PBXProject section */
		E966C5382A0E69E100372971 /* Project object */ = {
			isa = PBXProject;
			attributes = {
				BuildIndependentTargetsInParallel = 1;
				LastSwiftUpdateCheck = 1430;
				LastUpgradeCheck = 1430;
				TargetAttributes = {
					E966C53F2A0E69E100372971 = {
						CreatedOnToolsVersion = 14.3;
					};
					E966C54F2A0E69E300372971 = {
						CreatedOnToolsVersion = 14.3;
						TestTargetID = E966C53F2A0E69E100372971;
					};
					E966C5592A0E69E300372971 = {
						CreatedOnToolsVersion = 14.3;
						TestTargetID = E966C53F2A0E69E100372971;
					};
				};
			};
			buildConfigurationList = E966C53B2A0E69E100372971 /* Build configuration list for PBXProject "SnapchatDetailsTransition" */;
			compatibilityVersion = "Xcode 14.0";
			developmentRegion = en;
			hasScannedForEncodings = 0;
			knownRegions = (
				en,
				Base,
			);
			mainGroup = E966C5372A0E69E100372971;
			productRefGroup = E966C5412A0E69E100372971 /* Products */;
			projectDirPath = "";
			projectRoot = "";
			targets = (
				E966C53F2A0E69E100372971 /* SnapchatDetailsTransition */,
				E966C54F2A0E69E300372971 /* SnapchatDetailsTransitionTests */,
				E966C5592A0E69E300372971 /* SnapchatDetailsTransitionUITests */,
			);
		};
/* End PBXProject section */

/* Begin PBXResourcesBuildPhase section */
		E966C53E2A0E69E100372971 /* Resources */ = {
			isa = PBXResourcesBuildPhase;
			buildActionMask = 2147483647;
			files = (
				E966C5752A0E6B3C00372971 /* Reel1.mp4 in Resources */,
				E966C54B2A0E69E300372971 /* Preview Assets.xcassets in Resources */,
				E966C5482A0E69E300372971 /* Assets.xcassets in Resources */,
				E966C5742A0E6B3C00372971 /* Reel2.mp4 in Resources */,
				E966C5732A0E6B3C00372971 /* Reel3.mp4 in Resources */,
				E966C5772A0E6B3C00372971 /* Reel4.mp4 in Resources */,
				E966C5762A0E6B3C00372971 /* Reel5.mp4 in Resources */,
			);
			runOnlyForDeploymentPostprocessing = 0;
		};
		E966C54E2A0E69E300372971 /* Resources */ = {
			isa = PBXResourcesBuildPhase;
			buildActionMask = 2147483647;
			files = (
			);
			runOnlyForDeploymentPostprocessing = 0;
		};
		E966C5582A0E69E300372971 /* Resources */ = {
			isa = PBXResourcesBuildPhase;
			buildActionMask = 2147483647;
			files = (
			);
			runOnlyForDeploymentPostprocessing = 0;
		};
/* End PBXResourcesBuildPhase section */

/* Begin PBXSourcesBuildPhase section */
		E966C53C2A0E69E100372971 /* Sources */ = {
			isa = PBXSourcesBuildPhase;
			buildActionMask = 2147483647;
			files = (
				E966C57C2A0E6C6D00372971 /* VideoFile.swift in Sources */,
				E966C57E2A0E6D2A00372971 /* HomeView.swift in Sources */,
				E966C5462A0E69E100372971 /* ContentView.swift in Sources */,
				E966C5442A0E69E100372971 /* SnapchatDetailsTransitionApp.swift in Sources */,
				E966C5812A0E730100372971 /* CardView.swift in Sources */,
			);
			runOnlyForDeploymentPostprocessing = 0;
		};
		E966C54C2A0E69E300372971 /* Sources */ = {
			isa = PBXSourcesBuildPhase;
			buildActionMask = 2147483647;
			files = (
				E966C5552A0E69E300372971 /* SnapchatDetailsTransitionTests.swift in Sources */,
			);
			runOnlyForDeploymentPostprocessing = 0;
		};
		E966C5562A0E69E300372971 /* Sources */ = {
			isa = PBXSourcesBuildPhase;
			buildActionMask = 2147483647;
			files = (
				E966C5612A0E69E400372971 /* SnapchatDetailsTransitionUITestsLaunchTests.swift in Sources */,
				E966C55F2A0E69E300372971 /* SnapchatDetailsTransitionUITests.swift in Sources */,
			);
			runOnlyForDeploymentPostprocessing = 0;
		};
/* End PBXSourcesBuildPhase section */

/* Begin PBXTargetDependency section */
		E966C5522A0E69E300372971 /* PBXTargetDependency */ = {
			isa = PBXTargetDependency;
			target = E966C53F2A0E69E100372971 /* SnapchatDetailsTransition */;
			targetProxy = E966C5512A0E69E300372971 /* PBXContainerItemProxy */;
		};
		E966C55C2A0E69E300372971 /* PBXTargetDependency */ = {
			isa = PBXTargetDependency;
			target = E966C53F2A0E69E100372971 /* SnapchatDetailsTransition */;
			targetProxy = E966C55B2A0E69E300372971 /* PBXContainerItemProxy */;
		};
/* End PBXTargetDependency section */

/* Begin XCBuildConfiguration section */
		E966C5622A0E69E400372971 /* Debug */ = {
			isa = XCBuildConfiguration;
			buildSettings = {
				ALWAYS_SEARCH_USER_PATHS = NO;
				CLANG_ANALYZER_NONNULL = YES;
				CLANG_ANALYZER_NUMBER_OBJECT_CONVERSION = YES_AGGRESSIVE;
				CLANG_CXX_LANGUAGE_STANDARD = "gnu++20";
				CLANG_ENABLE_MODULES = YES;
				CLANG_ENABLE_OBJC_ARC = YES;
				CLANG_ENABLE_OBJC_WEAK = YES;
				CLANG_WARN_BLOCK_CAPTURE_AUTORELEASING = YES;
				CLANG_WARN_BOOL_CONVERSION = YES;
				CLANG_WARN_COMMA = YES;
				CLANG_WARN_CONSTANT_CONVERSION = YES;
				CLANG_WARN_DEPRECATED_OBJC_IMPLEMENTATIONS = YES;
				CLANG_WARN_DIRECT_OBJC_ISA_USAGE = YES_ERROR;
				CLANG_WARN_DOCUMENTATION_COMMENTS = YES;
				CLANG_WARN_EMPTY_BODY = YES;
				CLANG_WARN_ENUM_CONVERSION = YES;
				CLANG_WARN_INFINITE_RECURSION = YES;
				CLANG_WARN_INT_CONVERSION = YES;
				CLANG_WARN_NON_LITERAL_NULL_CONVERSION = YES;
				CLANG_WARN_OBJC_IMPLICIT_RETAIN_SELF = YES;
				CLANG_WARN_OBJC_LITERAL_CONVERSION = YES;
				CLANG_WARN_OBJC_ROOT_CLASS = YES_ERROR;
				CLANG_WARN_QUOTED_INCLUDE_IN_FRAMEWORK_HEADER = YES;
				CLANG_WARN_RANGE_LOOP_ANALYSIS = YES;
				CLANG_WARN_STRICT_PROTOTYPES = YES;
				CLANG_WARN_SUSPICIOUS_MOVE = YES;
				CLANG_WARN_UNGUARDED_AVAILABILITY = YES_AGGRESSIVE;
				CLANG_WARN_UNREACHABLE_CODE = YES;
				CLANG_WARN__DUPLICATE_METHOD_MATCH = YES;
				COPY_PHASE_STRIP = NO;
				DEBUG_INFORMATION_FORMAT = dwarf;
				ENABLE_STRICT_OBJC_MSGSEND = YES;
				ENABLE_TESTABILITY = YES;
				GCC_C_LANGUAGE_STANDARD = gnu11;
				GCC_DYNAMIC_NO_PIC = NO;
				GCC_NO_COMMON_BLOCKS = YES;
				GCC_OPTIMIZATION_LEVEL = 0;
				GCC_PREPROCESSOR_DEFINITIONS = (
					"DEBUG=1",
					"$(inherited)",
				);
				GCC_WARN_64_TO_32_BIT_CONVERSION = YES;
				GCC_WARN_ABOUT_RETURN_TYPE = YES_ERROR;
				GCC_WARN_UNDECLARED_SELECTOR = YES;
				GCC_WARN_UNINITIALIZED_AUTOS = YES_AGGRESSIVE;
				GCC_WARN_UNUSED_FUNCTION = YES;
				GCC_WARN_UNUSED_VARIABLE = YES;
				IPHONEOS_DEPLOYMENT_TARGET = 16.0;
				MTL_ENABLE_DEBUG_INFO = INCLUDE_SOURCE;
				MTL_FAST_MATH = YES;
				ONLY_ACTIVE_ARCH = YES;
				SDKROOT = iphoneos;
				SWIFT_ACTIVE_COMPILATION_CONDITIONS = DEBUG;
				SWIFT_OPTIMIZATION_LEVEL = "-Onone";
			};
			name = Debug;
		};
		E966C5632A0E69E400372971 /* Release */ = {
			isa = XCBuildConfiguration;
			buildSettings = {
				ALWAYS_SEARCH_USER_PATHS = NO;
				CLANG_ANALYZER_NONNULL = YES;
				CLANG_ANALYZER_NUMBER_OBJECT_CONVERSION = YES_AGGRESSIVE;
				CLANG_CXX_LANGUAGE_STANDARD = "gnu++20";
				CLANG_ENABLE_MODULES = YES;
				CLANG_ENABLE_OBJC_ARC = YES;
				CLANG_ENABLE_OBJC_WEAK = YES;
				CLANG_WARN_BLOCK_CAPTURE_AUTORELEASING = YES;
				CLANG_WARN_BOOL_CONVERSION = YES;
				CLANG_WARN_COMMA = YES;
				CLANG_WARN_CONSTANT_CONVERSION = YES;
				CLANG_WARN_DEPRECATED_OBJC_IMPLEMENTATIONS = YES;
				CLANG_WARN_DIRECT_OBJC_ISA_USAGE = YES_ERROR;
				CLANG_WARN_DOCUMENTATION_COMMENTS = YES;
				CLANG_WARN_EMPTY_BODY = YES;
				CLANG_WARN_ENUM_CONVERSION = YES;
				CLANG_WARN_INFINITE_RECURSION = YES;
				CLANG_WARN_INT_CONVERSION = YES;
				CLANG_WARN_NON_LITERAL_NULL_CONVERSION = YES;
				CLANG_WARN_OBJC_IMPLICIT_RETAIN_SELF = YES;
				CLANG_WARN_OBJC_LITERAL_CONVERSION = YES;
				CLANG_WARN_OBJC_ROOT_CLASS = YES_ERROR;
				CLANG_WARN_QUOTED_INCLUDE_IN_FRAMEWORK_HEADER = YES;
				CLANG_WARN_RANGE_LOOP_ANALYSIS = YES;
				CLANG_WARN_STRICT_PROTOTYPES = YES;
				CLANG_WARN_SUSPICIOUS_MOVE = YES;
				CLANG_WARN_UNGUARDED_AVAILABILITY = YES_AGGRESSIVE;
				CLANG_WARN_UNREACHABLE_CODE = YES;
				CLANG_WARN__DUPLICATE_METHOD_MATCH = YES;
				COPY_PHASE_STRIP = NO;
				DEBUG_INFORMATION_FORMAT = "dwarf-with-dsym";
				ENABLE_NS_ASSERTIONS = NO;
				ENABLE_STRICT_OBJC_MSGSEND = YES;
				GCC_C_LANGUAGE_STANDARD = gnu11;
				GCC_NO_COMMON_BLOCKS = YES;
				GCC_WARN_64_TO_32_BIT_CONVERSION = YES;
				GCC_WARN_ABOUT_RETURN_TYPE = YES_ERROR;
				GCC_WARN_UNDECLARED_SELECTOR = YES;
				GCC_WARN_UNINITIALIZED_AUTOS = YES_AGGRESSIVE;
				GCC_WARN_UNUSED_FUNCTION = YES;
				GCC_WARN_UNUSED_VARIABLE = YES;
				IPHONEOS_DEPLOYMENT_TARGET = 16.0;
				MTL_ENABLE_DEBUG_INFO = NO;
				MTL_FAST_MATH = YES;
				SDKROOT = iphoneos;
				SWIFT_COMPILATION_MODE = wholemodule;
				SWIFT_OPTIMIZATION_LEVEL = "-O";
				VALIDATE_PRODUCT = YES;
			};
			name = Release;
		};
		E966C5652A0E69E400372971 /* Debug */ = {
			isa = XCBuildConfiguration;
			buildSettings = {
				ASSETCATALOG_COMPILER_APPICON_NAME = AppIcon;
				ASSETCATALOG_COMPILER_GLOBAL_ACCENT_COLOR_NAME = AccentColor;
				CODE_SIGN_STYLE = Automatic;
				CURRENT_PROJECT_VERSION = 1;
				DEVELOPMENT_ASSET_PATHS = "\"SnapchatDetailsTransition/Preview Content\"";
				DEVELOPMENT_TEAM = M6D9BZ85YH;
				ENABLE_PREVIEWS = YES;
				GENERATE_INFOPLIST_FILE = YES;
				INFOPLIST_KEY_UIApplicationSceneManifest_Generation = YES;
				INFOPLIST_KEY_UIApplicationSupportsIndirectInputEvents = YES;
				INFOPLIST_KEY_UILaunchScreen_Generation = YES;
				INFOPLIST_KEY_UISupportedInterfaceOrientations = UIInterfaceOrientationPortrait;
				LD_RUNPATH_SEARCH_PATHS = (
					"$(inherited)",
					"@executable_path/Frameworks",
				);
				MARKETING_VERSION = 1.0;
				PRODUCT_BUNDLE_IDENTIFIER = osaretin.uyigue.SnapchatDetailsTransition;
				PRODUCT_NAME = "$(TARGET_NAME)";
				SUPPORTED_PLATFORMS = "iphoneos iphonesimulator";
				SUPPORTS_MACCATALYST = NO;
				SUPPORTS_MAC_DESIGNED_FOR_IPHONE_IPAD = NO;
				SWIFT_EMIT_LOC_STRINGS = YES;
				SWIFT_VERSION = 5.0;
				TARGETED_DEVICE_FAMILY = "1,2";
			};
			name = Debug;
		};
		E966C5662A0E69E400372971 /* Release */ = {
			isa = XCBuildConfiguration;
			buildSettings = {
				ASSETCATALOG_COMPILER_APPICON_NAME = AppIcon;
				ASSETCATALOG_COMPILER_GLOBAL_ACCENT_COLOR_NAME = AccentColor;
				CODE_SIGN_STYLE = Automatic;
				CURRENT_PROJECT_VERSION = 1;
				DEVELOPMENT_ASSET_PATHS = "\"SnapchatDetailsTransition/Preview Content\"";
				DEVELOPMENT_TEAM = M6D9BZ85YH;
				ENABLE_PREVIEWS = YES;
				GENERATE_INFOPLIST_FILE = YES;
				INFOPLIST_KEY_UIApplicationSceneManifest_Generation = YES;
				INFOPLIST_KEY_UIApplicationSupportsIndirectInputEvents = YES;
				INFOPLIST_KEY_UILaunchScreen_Generation = YES;
				INFOPLIST_KEY_UISupportedInterfaceOrientations = UIInterfaceOrientationPortrait;
				LD_RUNPATH_SEARCH_PATHS = (
					"$(inherited)",
					"@executable_path/Frameworks",
				);
				MARKETING_VERSION = 1.0;
				PRODUCT_BUNDLE_IDENTIFIER = osaretin.uyigue.SnapchatDetailsTransition;
				PRODUCT_NAME = "$(TARGET_NAME)";
				SUPPORTED_PLATFORMS = "iphoneos iphonesimulator";
				SUPPORTS_MACCATALYST = NO;
				SUPPORTS_MAC_DESIGNED_FOR_IPHONE_IPAD = NO;
				SWIFT_EMIT_LOC_STRINGS = YES;
				SWIFT_VERSION = 5.0;
				TARGETED_DEVICE_FAMILY = "1,2";
			};
			name = Release;
		};
		E966C5682A0E69E400372971 /* Debug */ = {
			isa = XCBuildConfiguration;
			buildSettings = {
				ALWAYS_EMBED_SWIFT_STANDARD_LIBRARIES = YES;
				BUNDLE_LOADER = "$(TEST_HOST)";
				CODE_SIGN_STYLE = Automatic;
				CURRENT_PROJECT_VERSION = 1;
				DEVELOPMENT_TEAM = M6D9BZ85YH;
				GENERATE_INFOPLIST_FILE = YES;
				IPHONEOS_DEPLOYMENT_TARGET = 16.0;
				MARKETING_VERSION = 1.0;
				PRODUCT_BUNDLE_IDENTIFIER = osaretin.uyigue.SnapchatDetailsTransitionTests;
				PRODUCT_NAME = "$(TARGET_NAME)";
				SWIFT_EMIT_LOC_STRINGS = NO;
				SWIFT_VERSION = 5.0;
				TARGETED_DEVICE_FAMILY = "1,2";
				TEST_HOST = "$(BUILT_PRODUCTS_DIR)/SnapchatDetailsTransition.app/$(BUNDLE_EXECUTABLE_FOLDER_PATH)/SnapchatDetailsTransition";
			};
			name = Debug;
		};
		E966C5692A0E69E400372971 /* Release */ = {
			isa = XCBuildConfiguration;
			buildSettings = {
				ALWAYS_EMBED_SWIFT_STANDARD_LIBRARIES = YES;
				BUNDLE_LOADER = "$(TEST_HOST)";
				CODE_SIGN_STYLE = Automatic;
				CURRENT_PROJECT_VERSION = 1;
				DEVELOPMENT_TEAM = M6D9BZ85YH;
				GENERATE_INFOPLIST_FILE = YES;
				IPHONEOS_DEPLOYMENT_TARGET = 16.0;
				MARKETING_VERSION = 1.0;
				PRODUCT_BUNDLE_IDENTIFIER = osaretin.uyigue.SnapchatDetailsTransitionTests;
				PRODUCT_NAME = "$(TARGET_NAME)";
				SWIFT_EMIT_LOC_STRINGS = NO;
				SWIFT_VERSION = 5.0;
				TARGETED_DEVICE_FAMILY = "1,2";
				TEST_HOST = "$(BUILT_PRODUCTS_DIR)/SnapchatDetailsTransition.app/$(BUNDLE_EXECUTABLE_FOLDER_PATH)/SnapchatDetailsTransition";
			};
			name = Release;
		};
		E966C56B2A0E69E400372971 /* Debug */ = {
			isa = XCBuildConfiguration;
			buildSettings = {
				ALWAYS_EMBED_SWIFT_STANDARD_LIBRARIES = YES;
				CODE_SIGN_STYLE = Automatic;
				CURRENT_PROJECT_VERSION = 1;
				DEVELOPMENT_TEAM = M6D9BZ85YH;
				GENERATE_INFOPLIST_FILE = YES;
				MARKETING_VERSION = 1.0;
				PRODUCT_BUNDLE_IDENTIFIER = osaretin.uyigue.SnapchatDetailsTransitionUITests;
				PRODUCT_NAME = "$(TARGET_NAME)";
				SWIFT_EMIT_LOC_STRINGS = NO;
				SWIFT_VERSION = 5.0;
				TARGETED_DEVICE_FAMILY = "1,2";
				TEST_TARGET_NAME = SnapchatDetailsTransition;
			};
			name = Debug;
		};
		E966C56C2A0E69E400372971 /* Release */ = {
			isa = XCBuildConfiguration;
			buildSettings = {
				ALWAYS_EMBED_SWIFT_STANDARD_LIBRARIES = YES;
				CODE_SIGN_STYLE = Automatic;
				CURRENT_PROJECT_VERSION = 1;
				DEVELOPMENT_TEAM = M6D9BZ85YH;
				GENERATE_INFOPLIST_FILE = YES;
				MARKETING_VERSION = 1.0;
				PRODUCT_BUNDLE_IDENTIFIER = osaretin.uyigue.SnapchatDetailsTransitionUITests;
				PRODUCT_NAME = "$(TARGET_NAME)";
				SWIFT_EMIT_LOC_STRINGS = NO;
				SWIFT_VERSION = 5.0;
				TARGETED_DEVICE_FAMILY = "1,2";
				TEST_TARGET_NAME = SnapchatDetailsTransition;
			};
			name = Release;
		};
/* End XCBuildConfiguration section */

/* Begin XCConfigurationList section */
		E966C53B2A0E69E100372971 /* Build configuration list for PBXProject "SnapchatDetailsTransition" */ = {
			isa = XCConfigurationList;
			buildConfigurations = (
				E966C5622A0E69E400372971 /* Debug */,
				E966C5632A0E69E400372971 /* Release */,
			);
			defaultConfigurationIsVisible = 0;
			defaultConfigurationName = Release;
		};
		E966C5642A0E69E400372971 /* Build configuration list for PBXNativeTarget "SnapchatDetailsTransition" */ = {
			isa = XCConfigurationList;
			buildConfigurations = (
				E966C5652A0E69E400372971 /* Debug */,
				E966C5662A0E69E400372971 /* Release */,
			);
			defaultConfigurationIsVisible = 0;
			defaultConfigurationName = Release;
		};
		E966C5672A0E69E400372971 /* Build configuration list for PBXNativeTarget "SnapchatDetailsTransitionTests" */ = {
			isa = XCConfigurationList;
			buildConfigurations = (
				E966C5682A0E69E400372971 /* Debug */,
				E966C5692A0E69E400372971 /* Release */,
			);
			defaultConfigurationIsVisible = 0;
			defaultConfigurationName = Release;
		};
		E966C56A2A0E69E400372971 /* Build configuration list for PBXNativeTarget "SnapchatDetailsTransitionUITests" */ = {
			isa = XCConfigurationList;
			buildConfigurations = (
				E966C56B2A0E69E400372971 /* Debug */,
				E966C56C2A0E69E400372971 /* Release */,
			);
			defaultConfigurationIsVisible = 0;
			defaultConfigurationName = Release;
		};
/* End XCConfigurationList section */
	};
	rootObject = E966C5382A0E69E100372971 /* Project object */;
}
